
Microsoft Visual Studio Solution File, Format Version 12.00
# Visual Studio Version 16
VisualStudioVersion = 16.0.29709.97
MinimumVisualStudioVersion = 10.0.40219.1
Project("{FAE04EC0-301F-11D3-BF4B-00C04F79EFBC}") = "FlexiCartApp", "FlexiCartApp.csproj", "{D841852A-943E-462E-B796-BF20395B1BD9}"
EndProject
Project("{FAE04EC0-301F-11D3-BF4B-00C04F79EFBC}") = "PromotionEngine", "..\PromotionEngine\PromotionEngine.csproj", "{E7812512-D1AD-4307-9F59-DCBC9ABFC93E}"
EndProject
Project("{FAE04EC0-301F-11D3-BF4B-00C04F79EFBC}") = "PromotionTestLibrary", "..\PromotionTestLibrary\PromotionTestLibrary.csproj", "{A6868930-87BA-4D28-97B4-5196EB0B26A9}"
EndProject
Global
	GlobalSection(SolutionConfigurationPlatforms) = preSolution
		Debug|Any CPU = Debug|Any CPU
		Release|Any CPU = Release|Any CPU
	EndGlobalSection
	GlobalSection(ProjectConfigurationPlatforms) = postSolution
		{D841852A-943E-462E-B796-BF20395B1BD9}.Debug|Any CPU.ActiveCfg = Debug|Any CPU
		{D841852A-943E-462E-B796-BF20395B1BD9}.Debug|Any CPU.Build.0 = Debug|Any CPU
		{D841852A-943E-462E-B796-BF20395B1BD9}.Release|Any CPU.ActiveCfg = Release|Any CPU
		{D841852A-943E-462E-B796-BF20395B1BD9}.Release|Any CPU.Build.0 = Release|Any CPU
		{E7812512-D1AD-4307-9F59-DCBC9ABFC93E}.Debug|Any CPU.ActiveCfg = Debug|Any CPU
		{E7812512-D1AD-4307-9F59-DCBC9ABFC93E}.Debug|Any CPU.Build.0 = Debug|Any CPU
		{E7812512-D1AD-4307-9F59-DCBC9ABFC93E}.Release|Any CPU.ActiveCfg = Release|Any CPU
		{E7812512-D1AD-4307-9F59-DCBC9ABFC93E}.Release|Any CPU.Build.0 = Release|Any CPU
		{A6868930-87BA-4D28-97B4-5196EB0B26A9}.Debug|Any CPU.ActiveCfg = Debug|Any CPU
		{A6868930-87BA-4D28-97B4-5196EB0B26A9}.Debug|Any CPU.Build.0 = Debug|Any CPU
		{A6868930-87BA-4D28-97B4-5196EB0B26A9}.Release|Any CPU.ActiveCfg = Release|Any CPU
		{A6868930-87BA-4D28-97B4-5196EB0B26A9}.Release|Any CPU.Build.0 = Release|Any CPU
	EndGlobalSection
	GlobalSection(SolutionProperties) = preSolution
		HideSolutionNode = FALSE
	EndGlobalSection
	GlobalSection(ExtensibilityGlobals) = postSolution
		SolutionGuid = {4C079B98-E444-4EDE-B435-3E9665AE7081}
	EndGlobalSection
EndGlobal
